{
  "name": "npm-test3",
  "version": "1.0.0",
  "lockfileVersion": 1,
  "requires": true,
  "dependencies": {
    "lwd-npm-test1": {
      "version": "1.0.1",
      "resolved": "https://registry.npmjs.org/lwd-npm-test1/-/lwd-npm-test1-1.0.1.tgz",
      "integrity": "sha512-qxoZ1KPYgnUIZxQViPigPhRjhWHgIAlLLoyjbm4++q1yrOMgCY7BFZ6IN4iwyL8hLnP+ZzTd2THJB7PD2LJQrw==",
      "requires": {
        "lwd-npm-test2": "1.0.1"
      }
    },
    "lwd-npm-test2": {
      "version": "1.0.1",
      "resolved": "https://registry.npmjs.org/lwd-npm-test2/-/lwd-npm-test2-1.0.1.tgz",
      "integrity": "sha512-QkF0RmhsqIY22byzMcIHXJpOBHPSSmSdiP/8DN+xSKuCCSVAmiso+S7rzgWlhcD03oTiG8jYoDh2ITAXcac0DA=="
    }
  }
}
